
Microsoft Visual Studio Solution File, Format Version 12.00
# Visual Studio 15
VisualStudioVersion = 15.0.28307.539
MinimumVisualStudioVersion = 10.0.40219.1
Project("{159641D6-6404-4A2A-AE62-294DE0FE8301}") = "SSISProject0329", "SSISProject0329\SSISProject0329.dtproj", "{5EADA967-E156-4F33-B653-AD781755C378}"
EndProject
Global
	GlobalSection(SolutionConfigurationPlatforms) = preSolution
		Development|Default = Development|Default
	EndGlobalSection
	GlobalSection(ProjectConfigurationPlatforms) = postSolution
		{5EADA967-E156-4F33-B653-AD781755C378}.Development|Default.ActiveCfg = Development
		{5EADA967-E156-4F33-B653-AD781755C378}.Development|Default.Build.0 = Development
	EndGlobalSection
	GlobalSection(SolutionProperties) = preSolution
		HideSolutionNode = FALSE
	EndGlobalSection
	GlobalSection(ExtensibilityGlobals) = postSolution
		SolutionGuid = {0A3DB17D-5B9A-4672-8CEE-57B6DB847649}
	EndGlobalSection
EndGlobal
